
Microsoft Visual Studio Solution File, Format Version 12.00
# Visual Studio 14
VisualStudioVersion = 14.0.24720.0
MinimumVisualStudioVersion = 10.0.40219.1
Project("{FAE04EC0-301F-11D3-BF4B-00C04F79EFBC}") = "Todo.IdentityServer", "Todo.IdentityServer\Todo.IdentityServer.csproj", "{4E966289-1AFA-4274-A25D-50495AC263F0}"
EndProject
Project("{2150E333-8FDC-42A3-9474-1A3956D46DE8}") = "STS", "STS", "{E65DEEB4-6F9D-458C-BF39-7B494E1F824F}"
EndProject
Project("{2150E333-8FDC-42A3-9474-1A3956D46DE8}") = "API", "API", "{7F00D4E1-E1D2-4697-A93D-F830D0F199CD}"
EndProject
Project("{FAE04EC0-301F-11D3-BF4B-00C04F79EFBC}") = "Todo.Domain", "Todo.Domain\Todo.Domain.csproj", "{2011FD58-5017-410C-8FA6-F9B5821D7C2D}"
EndProject
Project("{FAE04EC0-301F-11D3-BF4B-00C04F79EFBC}") = "Todo.Services", "Todo.Services\Todo.Services.csproj", "{301F8E92-08EB-4D33-B135-FF0E8E30DC0F}"
EndProject
Project("{FAE04EC0-301F-11D3-BF4B-00C04F79EFBC}") = "Todo.Persistence", "Todo.Persistence\Todo.Persistence.csproj", "{7A39BC53-5B13-4914-AE4E-529AAECE5559}"
EndProject
Project("{FAE04EC0-301F-11D3-BF4B-00C04F79EFBC}") = "Todo.Web", "Todo.Web\Todo.Web.csproj", "{CA3475AD-268E-4CF4-8ED5-8E2283AE2EAB}"
EndProject
Project("{2150E333-8FDC-42A3-9474-1A3956D46DE8}") = "Tests", "Tests", "{6165A9F3-40F4-4895-89D4-A2B1589872BE}"
EndProject
Project("{FAE04EC0-301F-11D3-BF4B-00C04F79EFBC}") = "Tests", "Tests\Tests.csproj", "{EE1004C3-2C2C-48C4-A3C3-8DB0E320D0B5}"
EndProject
Global
	GlobalSection(SolutionConfigurationPlatforms) = preSolution
		Debug|Any CPU = Debug|Any CPU
		Release|Any CPU = Release|Any CPU
	EndGlobalSection
	GlobalSection(ProjectConfigurationPlatforms) = postSolution
		{4E966289-1AFA-4274-A25D-50495AC263F0}.Debug|Any CPU.ActiveCfg = Debug|Any CPU
		{4E966289-1AFA-4274-A25D-50495AC263F0}.Debug|Any CPU.Build.0 = Debug|Any CPU
		{4E966289-1AFA-4274-A25D-50495AC263F0}.Release|Any CPU.ActiveCfg = Release|Any CPU
		{4E966289-1AFA-4274-A25D-50495AC263F0}.Release|Any CPU.Build.0 = Release|Any CPU
		{2011FD58-5017-410C-8FA6-F9B5821D7C2D}.Debug|Any CPU.ActiveCfg = Debug|Any CPU
		{2011FD58-5017-410C-8FA6-F9B5821D7C2D}.Debug|Any CPU.Build.0 = Debug|Any CPU
		{2011FD58-5017-410C-8FA6-F9B5821D7C2D}.Release|Any CPU.ActiveCfg = Release|Any CPU
		{2011FD58-5017-410C-8FA6-F9B5821D7C2D}.Release|Any CPU.Build.0 = Release|Any CPU
		{301F8E92-08EB-4D33-B135-FF0E8E30DC0F}.Debug|Any CPU.ActiveCfg = Debug|Any CPU
		{301F8E92-08EB-4D33-B135-FF0E8E30DC0F}.Debug|Any CPU.Build.0 = Debug|Any CPU
		{301F8E92-08EB-4D33-B135-FF0E8E30DC0F}.Release|Any CPU.ActiveCfg = Release|Any CPU
		{301F8E92-08EB-4D33-B135-FF0E8E30DC0F}.Release|Any CPU.Build.0 = Release|Any CPU
		{7A39BC53-5B13-4914-AE4E-529AAECE5559}.Debug|Any CPU.ActiveCfg = Debug|Any CPU
		{7A39BC53-5B13-4914-AE4E-529AAECE5559}.Debug|Any CPU.Build.0 = Debug|Any CPU
		{7A39BC53-5B13-4914-AE4E-529AAECE5559}.Release|Any CPU.ActiveCfg = Release|Any CPU
		{7A39BC53-5B13-4914-AE4E-529AAECE5559}.Release|Any CPU.Build.0 = Release|Any CPU
		{CA3475AD-268E-4CF4-8ED5-8E2283AE2EAB}.Debug|Any CPU.ActiveCfg = Debug|Any CPU
		{CA3475AD-268E-4CF4-8ED5-8E2283AE2EAB}.Debug|Any CPU.Build.0 = Debug|Any CPU
		{CA3475AD-268E-4CF4-8ED5-8E2283AE2EAB}.Release|Any CPU.ActiveCfg = Release|Any CPU
		{CA3475AD-268E-4CF4-8ED5-8E2283AE2EAB}.Release|Any CPU.Build.0 = Release|Any CPU
		{EE1004C3-2C2C-48C4-A3C3-8DB0E320D0B5}.Debug|Any CPU.ActiveCfg = Debug|Any CPU
		{EE1004C3-2C2C-48C4-A3C3-8DB0E320D0B5}.Debug|Any CPU.Build.0 = Debug|Any CPU
		{EE1004C3-2C2C-48C4-A3C3-8DB0E320D0B5}.Release|Any CPU.ActiveCfg = Release|Any CPU
		{EE1004C3-2C2C-48C4-A3C3-8DB0E320D0B5}.Release|Any CPU.Build.0 = Release|Any CPU
	EndGlobalSection
	GlobalSection(SolutionProperties) = preSolution
		HideSolutionNode = FALSE
	EndGlobalSection
	GlobalSection(NestedProjects) = preSolution
		{4E966289-1AFA-4274-A25D-50495AC263F0} = {E65DEEB4-6F9D-458C-BF39-7B494E1F824F}
		{2011FD58-5017-410C-8FA6-F9B5821D7C2D} = {7F00D4E1-E1D2-4697-A93D-F830D0F199CD}
		{301F8E92-08EB-4D33-B135-FF0E8E30DC0F} = {7F00D4E1-E1D2-4697-A93D-F830D0F199CD}
		{7A39BC53-5B13-4914-AE4E-529AAECE5559} = {7F00D4E1-E1D2-4697-A93D-F830D0F199CD}
		{CA3475AD-268E-4CF4-8ED5-8E2283AE2EAB} = {7F00D4E1-E1D2-4697-A93D-F830D0F199CD}
		{EE1004C3-2C2C-48C4-A3C3-8DB0E320D0B5} = {6165A9F3-40F4-4895-89D4-A2B1589872BE}
	EndGlobalSection
EndGlobal
